// !$*UTF8*$!
{
	archiveVersion = 1;
	classes = {
	};
	objectVersion = 50;
	objects = {

/* Begin PBXBuildFile section */
		DDB26B542142087600F73AF8 /* AppDelegate.swift in Sources */ = {isa = PBXBuildFile; fileRef = DDB26B532142087600F73AF8 /* AppDelegate.swift */; };
		DDB26B562142087600F73AF8 /* ViewController.swift in Sources */ = {isa = PBXBuildFile; fileRef = DDB26B552142087600F73AF8 /* ViewController.swift */; };
		DDB26B592142087600F73AF8 /* Main.storyboard in Resources */ = {isa = PBXBuildFile; fileRef = DDB26B572142087600F73AF8 /* Main.storyboard */; };
		DDB26B5B2142087800F73AF8 /* Assets.xcassets in Resources */ = {isa = PBXBuildFile; fileRef = DDB26B5A2142087800F73AF8 /* Assets.xcassets */; };
		DDB26B5E2142087800F73AF8 /* LaunchScreen.storyboard in Resources */ = {isa = PBXBuildFile; fileRef = DDB26B5C2142087800F73AF8 /* LaunchScreen.storyboard */; };
		DDB26B692142087800F73AF8 /* PhotoDemoUITests.swift in Sources */ = {isa = PBXBuildFile; fileRef = DDB26B682142087800F73AF8 /* PhotoDemoUITests.swift */; };
/* End PBXBuildFile section */

/* Begin PBXContainerItemProxy section */
		DDB26B652142087800F73AF8 /* PBXContainerItemProxy */ = {
			isa = PBXContainerItemProxy;
			containerPortal = DDB26B482142087600F73AF8 /* Project object */;
			proxyType = 1;
			remoteGlobalIDString = DDB26B4F2142087600F73AF8;
			remoteInfo = PhotoDemo;
		};
/* End PBXContainerItemProxy section */

/* Begin PBXFileReference section */
		DDB26B502142087600F73AF8 /* PhotoDemo.app */ = {isa = PBXFileReference; explicitFileType = wrapper.application; includeInIndex = 0; path = PhotoDemo.app; sourceTree = BUILT_PRODUCTS_DIR; };
		DDB26B532142087600F73AF8 /* AppDelegate.swift */ = {isa = PBXFileReference; lastKnownFileType = sourcecode.swift; path = AppDelegate.swift; sourceTree = "<group>"; };
		DDB26B552142087600F73AF8 /* ViewController.swift */ = {isa = PBXFileReference; lastKnownFileType = sourcecode.swift; path = ViewController.swift; sourceTree = "<group>"; };
		DDB26B582142087600F73AF8 /* Base */ = {isa = PBXFileReference; lastKnownFileType = file.storyboard; name = Base; path = Base.lproj/Main.storyboard; sourceTree = "<group>"; };
		DDB26B5A2142087800F73AF8 /* Assets.xcassets */ = {isa = PBXFileReference; lastKnownFileType = folder.assetcatalog; path = Assets.xcassets; sourceTree = "<group>"; };
		DDB26B5D2142087800F73AF8 /* Base */ = {isa = PBXFileReference; lastKnownFileType = file.storyboard; name = Base; path = Base.lproj/LaunchScreen.storyboard; sourceTree = "<group>"; };
		DDB26B5F2142087800F73AF8 /* Info.plist */ = {isa = PBXFileReference; lastKnownFileType = text.plist.xml; path = Info.plist; sourceTree = "<group>"; };
		DDB26B642142087800F73AF8 /* PhotoDemoUITests.xctest */ = {isa = PBXFileReference; explicitFileType = wrapper.cfbundle; includeInIndex = 0; path = PhotoDemoUITests.xctest; sourceTree = BUILT_PRODUCTS_DIR; };
		DDB26B682142087800F73AF8 /* PhotoDemoUITests.swift */ = {isa = PBXFileReference; lastKnownFileType = sourcecode.swift; path = PhotoDemoUITests.swift; sourceTree = "<group>"; };
		DDB26B6A2142087800F73AF8 /* Info.plist */ = {isa = PBXFileReference; lastKnownFileType = text.plist.xml; path = Info.plist; sourceTree = "<group>"; };
/* End PBXFileReference section */

/* Begin PBXFrameworksBuildPhase section */
		DDB26B4D2142087600F73AF8 /* Frameworks */ = {
			isa = PBXFrameworksBuildPhase;
			buildActionMask = 2147483647;
			files = (
			);
			runOnlyForDeploymentPostprocessing = 0;
		};
		DDB26B612142087800F73AF8 /* Frameworks */ = {
			isa = PBXFrameworksBuildPhase;
			buildActionMask = 2147483647;
			files = (
			);
			runOnlyForDeploymentPostprocessing = 0;
		};
/* End PBXFrameworksBuildPhase section */

/* Begin PBXGroup section */
		DDB26B472142087600F73AF8 = {
			isa = PBXGroup;
			children = (
				DDB26B522142087600F73AF8 /* PhotoDemo */,
				DDB26B672142087800F73AF8 /* PhotoDemoUITests */,
				DDB26B512142087600F73AF8 /* Products */,
			);
			sourceTree = "<group>";
		};
		DDB26B512142087600F73AF8 /* Products */ = {
			isa = PBXGroup;
			children = (
				DDB26B502142087600F73AF8 /* PhotoDemo.app */,
				DDB26B642142087800F73AF8 /* PhotoDemoUITests.xctest */,
			);
			name = Products;
			sourceTree = "<group>";
		};
		DDB26B522142087600F73AF8 /* PhotoDemo */ = {
			isa = PBXGroup;
			children = (
				DDB26B532142087600F73AF8 /* AppDelegate.swift */,
				DDB26B552142087600F73AF8 /* ViewController.swift */,
				DDB26B572142087600F73AF8 /* Main.storyboard */,
				DDB26B5A2142087800F73AF8 /* Assets.xcassets */,
				DDB26B5C2142087800F73AF8 /* LaunchScreen.storyboard */,
				DDB26B5F2142087800F73AF8 /* Info.plist */,
			);
			path = PhotoDemo;
			sourceTree = "<group>";
		};
		DDB26B672142087800F73AF8 /* PhotoDemoUITests */ = {
			isa = PBXGroup;
			children = (
				DDB26B682142087800F73AF8 /* PhotoDemoUITests.swift */,
				DDB26B6A2142087800F73AF8 /* Info.plist */,
			);
			path = PhotoDemoUITests;
			sourceTree = "<group>";
		};
/* End PBXGroup section */

/* Begin PBXNativeTarget section */
		DDB26B4F2142087600F73AF8 /* PhotoDemo */ = {
			isa = PBXNativeTarget;
			buildConfigurationList = DDB26B6D2142087800F73AF8 /* Build configuration list for PBXNativeTarget "PhotoDemo" */;
			buildPhases = (
				DDB26B4C2142087600F73AF8 /* Sources */,
				DDB26B4D2142087600F73AF8 /* Frameworks */,
				DDB26B4E2142087600F73AF8 /* Resources */,
			);
			buildRules = (
			);
			dependencies = (
			);
			name = PhotoDemo;
			productName = PhotoDemo;
			productReference = DDB26B502142087600F73AF8 /* PhotoDemo.app */;
			productType = "com.apple.product-type.application";
		};
		DDB26B632142087800F73AF8 /* PhotoDemoUITests */ = {
			isa = PBXNativeTarget;
			buildConfigurationList = DDB26B702142087800F73AF8 /* Build configuration list for PBXNativeTarget "PhotoDemoUITests" */;
			buildPhases = (
				DDB26B602142087800F73AF8 /* Sources */,
				DDB26B612142087800F73AF8 /* Frameworks */,
				DDB26B622142087800F73AF8 /* Resources */,
			);
			buildRules = (
			);
			dependencies = (
				DDB26B662142087800F73AF8 /* PBXTargetDependency */,
			);
			name = PhotoDemoUITests;
			productName = PhotoDemoUITests;
			productReference = DDB26B642142087800F73AF8 /* PhotoDemoUITests.xctest */;
			productType = "com.apple.product-type.bundle.ui-testing";
		};
/* End PBXNativeTarget section */

/* Begin PBXProject section */
		DDB26B482142087600F73AF8 /* Project object */ = {
			isa = PBXProject;
			attributes = {
				LastSwiftUpdateCheck = 0940;
				LastUpgradeCheck = 0940;
				ORGANIZATIONNAME = aby;
				TargetAttributes = {
					DDB26B4F2142087600F73AF8 = {
						CreatedOnToolsVersion = 9.4.1;
					};
					DDB26B632142087800F73AF8 = {
						CreatedOnToolsVersion = 9.4.1;
						TestTargetID = DDB26B4F2142087600F73AF8;
					};
				};
			};
			buildConfigurationList = DDB26B4B2142087600F73AF8 /* Build configuration list for PBXProject "PhotoDemo" */;
			compatibilityVersion = "Xcode 9.3";
			developmentRegion = en;
			hasScannedForEncodings = 0;
			knownRegions = (
				en,
				Base,
			);
			mainGroup = DDB26B472142087600F73AF8;
			productRefGroup = DDB26B512142087600F73AF8 /* Products */;
			projectDirPath = "";
			projectRoot = "";
			targets = (
				DDB26B4F2142087600F73AF8 /* PhotoDemo */,
				DDB26B632142087800F73AF8 /* PhotoDemoUITests */,
			);
		};
/* End PBXProject section */

/* Begin PBXResourcesBuildPhase section */
		DDB26B4E2142087600F73AF8 /* Resources */ = {
			isa = PBXResourcesBuildPhase;
			buildActionMask = 2147483647;
			files = (
				DDB26B5E2142087800F73AF8 /* LaunchScreen.storyboard in Resources */,
				DDB26B5B2142087800F73AF8 /* Assets.xcassets in Resources */,
				DDB26B592142087600F73AF8 /* Main.storyboard in Resources */,
			);
			runOnlyForDeploymentPostprocessing = 0;
		};
		DDB26B622142087800F73AF8 /* Resources */ = {
			isa = PBXResourcesBuildPhase;
			buildActionMask = 2147483647;
			files = (
			);
			runOnlyForDeploymentPostprocessing = 0;
		};
/* End PBXResourcesBuildPhase section */

/* Begin PBXSourcesBuildPhase section */
		DDB26B4C2142087600F73AF8 /* Sources */ = {
			isa = PBXSourcesBuildPhase;
			buildActionMask = 2147483647;
			files = (
				DDB26B562142087600F73AF8 /* ViewController.swift in Sources */,
				DDB26B542142087600F73AF8 /* AppDelegate.swift in Sources */,
			);
			runOnlyForDeploymentPostprocessing = 0;
		};
		DDB26B602142087800F73AF8 /* Sources */ = {
			isa = PBXSourcesBuildPhase;
			buildActionMask = 2147483647;
			files = (
				DDB26B692142087800F73AF8 /* PhotoDemoUITests.swift in Sources */,
			);
			runOnlyForDeploymentPostprocessing = 0;
		};
/* End PBXSourcesBuildPhase section */

/* Begin PBXTargetDependency section */
		DDB26B662142087800F73AF8 /* PBXTargetDependency */ = {
			isa = PBXTargetDependency;
			target = DDB26B4F2142087600F73AF8 /* PhotoDemo */;
			targetProxy = DDB26B652142087800F73AF8 /* PBXContainerItemProxy */;
		};
/* End PBXTargetDependency section */

/* Begin PBXVariantGroup section */
		DDB26B572142087600F73AF8 /* Main.storyboard */ = {
			isa = PBXVariantGroup;
			children = (
				DDB26B582142087600F73AF8 /* Base */,
			);
			name = Main.storyboard;
			sourceTree = "<group>";
		};
		DDB26B5C2142087800F73AF8 /* LaunchScreen.storyboard */ = {
			isa = PBXVariantGroup;
			children = (
				DDB26B5D2142087800F73AF8 /* Base */,
			);
			name = LaunchScreen.storyboard;
			sourceTree = "<group>";
		};
/* End PBXVariantGroup section */

/* Begin XCBuildConfiguration section */
		DDB26B6B2142087800F73AF8 /* Debug */ = {
			isa = XCBuildConfiguration;
			buildSettings = {
				ALWAYS_SEARCH_USER_PATHS = NO;
				CLANG_ANALYZER_NONNULL = YES;
				CLANG_ANALYZER_NUMBER_OBJECT_CONVERSION = YES_AGGRESSIVE;
				CLANG_CXX_LANGUAGE_STANDARD = "gnu++14";
				CLANG_CXX_LIBRARY = "libc++";
				CLANG_ENABLE_MODULES = YES;
				CLANG_ENABLE_OBJC_ARC = YES;
				CLANG_ENABLE_OBJC_WEAK = YES;
				CLANG_WARN_BLOCK_CAPTURE_AUTORELEASING = YES;
				CLANG_WARN_BOOL_CONVERSION = YES;
				CLANG_WARN_COMMA = YES;
				CLANG_WARN_CONSTANT_CONVERSION = YES;
				CLANG_WARN_DEPRECATED_OBJC_IMPLEMENTATIONS = YES;
				CLANG_WARN_DIRECT_OBJC_ISA_USAGE = YES_ERROR;
				CLANG_WARN_DOCUMENTATION_COMMENTS = YES;
				CLANG_WARN_EMPTY_BODY = YES;
				CLANG_WARN_ENUM_CONVERSION = YES;
				CLANG_WARN_INFINITE_RECURSION = YES;
				CLANG_WARN_INT_CONVERSION = YES;
				CLANG_WARN_NON_LITERAL_NULL_CONVERSION = YES;
				CLANG_WARN_OBJC_IMPLICIT_RETAIN_SELF = YES;
				CLANG_WARN_OBJC_LITERAL_CONVERSION = YES;
				CLANG_WARN_OBJC_ROOT_CLASS = YES_ERROR;
				CLANG_WARN_RANGE_LOOP_ANALYSIS = YES;
				CLANG_WARN_STRICT_PROTOTYPES = YES;
				CLANG_WARN_SUSPICIOUS_MOVE = YES;
				CLANG_WARN_UNGUARDED_AVAILABILITY = YES_AGGRESSIVE;
				CLANG_WARN_UNREACHABLE_CODE = YES;
				CLANG_WARN__DUPLICATE_METHOD_MATCH = YES;
				CODE_SIGN_IDENTITY = "iPhone Developer";
				COPY_PHASE_STRIP = NO;
				DEBUG_INFORMATION_FORMAT = dwarf;
				ENABLE_STRICT_OBJC_MSGSEND = YES;
				ENABLE_TESTABILITY = YES;
				GCC_C_LANGUAGE_STANDARD = gnu11;
				GCC_DYNAMIC_NO_PIC = NO;
				GCC_NO_COMMON_BLOCKS = YES;
				GCC_OPTIMIZATION_LEVEL = 0;
				GCC_PREPROCESSOR_DEFINITIONS = (
					"DEBUG=1",
					"$(inherited)",
				);
				GCC_WARN_64_TO_32_BIT_CONVERSION = YES;
				GCC_WARN_ABOUT_RETURN_TYPE = YES_ERROR;
				GCC_WARN_UNDECLARED_SELECTOR = YES;
				GCC_WARN_UNINITIALIZED_AUTOS = YES_AGGRESSIVE;
				GCC_WARN_UNUSED_FUNCTION = YES;
				GCC_WARN_UNUSED_VARIABLE = YES;
				IPHONEOS_DEPLOYMENT_TARGET = 11.4;
				MTL_ENABLE_DEBUG_INFO = YES;
				ONLY_ACTIVE_ARCH = YES;
				SDKROOT = iphoneos;
				SWIFT_ACTIVE_COMPILATION_CONDITIONS = DEBUG;
				SWIFT_OPTIMIZATION_LEVEL = "-Onone";
			};
			name = Debug;
		};
		DDB26B6C2142087800F73AF8 /* Release */ = {
			isa = XCBuildConfiguration;
			buildSettings = {
				ALWAYS_SEARCH_USER_PATHS = NO;
				CLANG_ANALYZER_NONNULL = YES;
				CLANG_ANALYZER_NUMBER_OBJECT_CONVERSION = YES_AGGRESSIVE;
				CLANG_CXX_LANGUAGE_STANDARD = "gnu++14";
				CLANG_CXX_LIBRARY = "libc++";
				CLANG_ENABLE_MODULES = YES;
				CLANG_ENABLE_OBJC_ARC = YES;
				CLANG_ENABLE_OBJC_WEAK = YES;
				CLANG_WARN_BLOCK_CAPTURE_AUTORELEASING = YES;
				CLANG_WARN_BOOL_CONVERSION = YES;
				CLANG_WARN_COMMA = YES;
				CLANG_WARN_CONSTANT_CONVERSION = YES;
				CLANG_WARN_DEPRECATED_OBJC_IMPLEMENTATIONS = YES;
				CLANG_WARN_DIRECT_OBJC_ISA_USAGE = YES_ERROR;
				CLANG_WARN_DOCUMENTATION_COMMENTS = YES;
				CLANG_WARN_EMPTY_BODY = YES;
				CLANG_WARN_ENUM_CONVERSION = YES;
				CLANG_WARN_INFINITE_RECURSION = YES;
				CLANG_WARN_INT_CONVERSION = YES;
				CLANG_WARN_NON_LITERAL_NULL_CONVERSION = YES;
				CLANG_WARN_OBJC_IMPLICIT_RETAIN_SELF = YES;
				CLANG_WARN_OBJC_LITERAL_CONVERSION = YES;
				CLANG_WARN_OBJC_ROOT_CLASS = YES_ERROR;
				CLANG_WARN_RANGE_LOOP_ANALYSIS = YES;
				CLANG_WARN_STRICT_PROTOTYPES = YES;
				CLANG_WARN_SUSPICIOUS_MOVE = YES;
				CLANG_WARN_UNGUARDED_AVAILABILITY = YES_AGGRESSIVE;
				CLANG_WARN_UNREACHABLE_CODE = YES;
				CLANG_WARN__DUPLICATE_METHOD_MATCH = YES;
				CODE_SIGN_IDENTITY = "iPhone Developer";
				COPY_PHASE_STRIP = NO;
				DEBUG_INFORMATION_FORMAT = "dwarf-with-dsym";
				ENABLE_NS_ASSERTIONS = NO;
				ENABLE_STRICT_OBJC_MSGSEND = YES;
				GCC_C_LANGUAGE_STANDARD = gnu11;
				GCC_NO_COMMON_BLOCKS = YES;
				GCC_WARN_64_TO_32_BIT_CONVERSION = YES;
				GCC_WARN_ABOUT_RETURN_TYPE = YES_ERROR;
				GCC_WARN_UNDECLARED_SELECTOR = YES;
				GCC_WARN_UNINITIALIZED_AUTOS = YES_AGGRESSIVE;
				GCC_WARN_UNUSED_FUNCTION = YES;
				GCC_WARN_UNUSED_VARIABLE = YES;
				IPHONEOS_DEPLOYMENT_TARGET = 11.4;
				MTL_ENABLE_DEBUG_INFO = NO;
				SDKROOT = iphoneos;
				SWIFT_COMPILATION_MODE = wholemodule;
				SWIFT_OPTIMIZATION_LEVEL = "-O";
				VALIDATE_PRODUCT = YES;
			};
			name = Release;
		};
		DDB26B6E2142087800F73AF8 /* Debug */ = {
			isa = XCBuildConfiguration;
			buildSettings = {
				ASSETCATALOG_COMPILER_APPICON_NAME = AppIcon;
				CODE_SIGN_STYLE = Automatic;
				DEVELOPMENT_TEAM = F8A3GH6Q4W;
				INFOPLIST_FILE = PhotoDemo/Info.plist;
				LD_RUNPATH_SEARCH_PATHS = (
					"$(inherited)",
					"@executable_path/Frameworks",
				);
				PRODUCT_BUNDLE_IDENTIFIER = com.aby.PhotoDemo;
				PRODUCT_NAME = "$(TARGET_NAME)";
				SWIFT_VERSION = 4.0;
				TARGETED_DEVICE_FAMILY = "1,2";
			};
			name = Debug;
		};
		DDB26B6F2142087800F73AF8 /* Release */ = {
			isa = XCBuildConfiguration;
			buildSettings = {
				ASSETCATALOG_COMPILER_APPICON_NAME = AppIcon;
				CODE_SIGN_STYLE = Automatic;
				DEVELOPMENT_TEAM = F8A3GH6Q4W;
				INFOPLIST_FILE = PhotoDemo/Info.plist;
				LD_RUNPATH_SEARCH_PATHS = (
					"$(inherited)",
					"@executable_path/Frameworks",
				);
				PRODUCT_BUNDLE_IDENTIFIER = com.aby.PhotoDemo;
				PRODUCT_NAME = "$(TARGET_NAME)";
				SWIFT_VERSION = 4.0;
				TARGETED_DEVICE_FAMILY = "1,2";
			};
			name = Release;
		};
		DDB26B712142087800F73AF8 /* Debug */ = {
			isa = XCBuildConfiguration;
			buildSettings = {
				ALWAYS_EMBED_SWIFT_STANDARD_LIBRARIES = YES;
				CODE_SIGN_STYLE = Automatic;
				DEVELOPMENT_TEAM = F8A3GH6Q4W;
				INFOPLIST_FILE = PhotoDemoUITests/Info.plist;
				LD_RUNPATH_SEARCH_PATHS = (
					"$(inherited)",
					"@executable_path/Frameworks",
					"@loader_path/Frameworks",
				);
				PRODUCT_BUNDLE_IDENTIFIER = com.aby.PhotoDemoUITests;
				PRODUCT_NAME = "$(TARGET_NAME)";
				SWIFT_VERSION = 4.0;
				TARGETED_DEVICE_FAMILY = "1,2";
				TEST_TARGET_NAME = PhotoDemo;
			};
			name = Debug;
		};
		DDB26B722142087800F73AF8 /* Release */ = {
			isa = XCBuildConfiguration;
			buildSettings = {
				ALWAYS_EMBED_SWIFT_STANDARD_LIBRARIES = YES;
				CODE_SIGN_STYLE = Automatic;
				DEVELOPMENT_TEAM = F8A3GH6Q4W;
				INFOPLIST_FILE = PhotoDemoUITests/Info.plist;
				LD_RUNPATH_SEARCH_PATHS = (
					"$(inherited)",
					"@executable_path/Frameworks",
					"@loader_path/Frameworks",
				);
				PRODUCT_BUNDLE_IDENTIFIER = com.aby.PhotoDemoUITests;
				PRODUCT_NAME = "$(TARGET_NAME)";
				SWIFT_VERSION = 4.0;
				TARGETED_DEVICE_FAMILY = "1,2";
				TEST_TARGET_NAME = PhotoDemo;
			};
			name = Release;
		};
/* End XCBuildConfiguration section */

/* Begin XCConfigurationList section */
		DDB26B4B2142087600F73AF8 /* Build configuration list for PBXProject "PhotoDemo" */ = {
			isa = XCConfigurationList;
			buildConfigurations = (
				DDB26B6B2142087800F73AF8 /* Debug */,
				DDB26B6C2142087800F73AF8 /* Release */,
			);
			defaultConfigurationIsVisible = 0;
			defaultConfigurationName = Release;
		};
		DDB26B6D2142087800F73AF8 /* Build configuration list for PBXNativeTarget "PhotoDemo" */ = {
			isa = XCConfigurationList;
			buildConfigurations = (
				DDB26B6E2142087800F73AF8 /* Debug */,
				DDB26B6F2142087800F73AF8 /* Release */,
			);
			defaultConfigurationIsVisible = 0;
			defaultConfigurationName = Release;
		};
		DDB26B702142087800F73AF8 /* Build configuration list for PBXNativeTarget "PhotoDemoUITests" */ = {
			isa = XCConfigurationList;
			buildConfigurations = (
				DDB26B712142087800F73AF8 /* Debug */,
				DDB26B722142087800F73AF8 /* Release */,
			);
			defaultConfigurationIsVisible = 0;
			defaultConfigurationName = Release;
		};
/* End XCConfigurationList section */
	};
	rootObject = DDB26B482142087600F73AF8 /* Project object */;
}
